# @generated - this file is auto-generated by `mise lock` https://mise.jdx.dev/dev-tools/mise-lock.html

lockfile_version = 2

[[tools.opentofu]]
version = "1.12.7"
backend = "aqua:opentofu/opentofu"
specifiers = ["1.12.7"]

[tools.opentofu."platforms.linux-arm64"]
checksum = "sha256:f407848e706d50711937955bbfcddf97929767f73bda4480415c8aff2ea44671"
url = "https://github.com/opentofu/opentofu/releases/download/v1.12.7/tofu_1.12.7_linux_arm64.tar.gz"
url_api = "https://api.github.com/repos/opentofu/opentofu/releases/assets/603883005"

[tools.opentofu."platforms.linux-arm64-musl"]
checksum = "sha256:f407848e706d50711937955bbfcddf97929767f73bda4480415c8aff2ea44671"
url = "https://github.com/opentofu/opentofu/releases/download/v1.12.7/tofu_1.12.7_linux_arm64.tar.gz"
url_api = "https://api.github.com/repos/opentofu/opentofu/releases/assets/603883005"

[tools.opentofu."platforms.linux-x64"]
checksum = "sha256:8b0967cc14715bfb03d5e04dd0da0a47c668dcb33cb3a84996413a48b1aa51c0"
url = "https://github.com/opentofu/opentofu/releases/download/v1.12.7/tofu_1.12.7_linux_amd64.tar.gz"
url_api = "https://api.github.com/repos/opentofu/opentofu/releases/assets/603882964"

[tools.opentofu."platforms.linux-x64-musl"]
checksum = "sha256:8b0967cc14715bfb03d5e04dd0da0a47c668dcb33cb3a84996413a48b1aa51c0"
url = "https://github.com/opentofu/opentofu/releases/download/v1.12.7/tofu_1.12.7_linux_amd64.tar.gz"
url_api = "https://api.github.com/repos/opentofu/opentofu/releases/assets/603882964"

[tools.opentofu."platforms.macos-arm64"]
checksum = "sha256:02d84784a9b0d6ce43f55e6c7e069a07909c392b067261d5a6aed924e96e5c76"
url = "https://github.com/opentofu/opentofu/releases/download/v1.12.7/tofu_1.12.7_darwin_arm64.tar.gz"
url_api = "https://api.github.com/repos/opentofu/opentofu/releases/assets/603883066"

[tools.opentofu."platforms.macos-x64"]
checksum = "sha256:4321cd122774683ad17f01d3324eff24129a184353a921174c3baad06ad3c925"
url = "https://github.com/opentofu/opentofu/releases/download/v1.12.7/tofu_1.12.7_darwin_amd64.tar.gz"
url_api = "https://api.github.com/repos/opentofu/opentofu/releases/assets/603882965"

[tools.opentofu."platforms.windows-x64"]
checksum = "sha256:5d9a4b1839e55ca96db511e0f43d498b7051a4a8dbc99578a2c1ab609acbf82e"
url = "https://github.com/opentofu/opentofu/releases/download/v1.12.7/tofu_1.12.7_windows_amd64.tar.gz"
url_api = "https://api.github.com/repos/opentofu/opentofu/releases/assets/603882966"

[[tools.talosctl]]
version = "1.14.2"
backend = "aqua:siderolabs/talos"
specifiers = ["1.14.2"]

[tools.talosctl."platforms.linux-arm64"]
provenance = "cosign"

[tools.talosctl."platforms.linux-arm64-musl"]
provenance = "cosign"

[tools.talosctl."platforms.linux-x64"]
provenance = "cosign"

[tools.talosctl."platforms.linux-x64-musl"]
provenance = "cosign"

[tools.talosctl."platforms.macos-arm64"]
provenance = "cosign"

[tools.talosctl."platforms.macos-x64"]
provenance = "cosign"

[tools.talosctl."platforms.windows-x64"]
provenance = "cosign"

[[tools.terragrunt]]
version = "1.1.6"
backend = "aqua:gruntwork-io/terragrunt"
specifiers = ["1.1.6"]

[tools.terragrunt."platforms.linux-arm64"]
checksum = "sha256:6f26b85e0befe77ac5f6777f810d8560e56a55cf87d9980fc2b9e29b2d347377"
url = "https://github.com/gruntwork-io/terragrunt/releases/download/v1.1.6/terragrunt_linux_arm64.tar.gz"
url_api = "https://api.github.com/repos/gruntwork-io/terragrunt/releases/assets/579002232"

[tools.terragrunt."platforms.linux-arm64-musl"]
checksum = "sha256:6f26b85e0befe77ac5f6777f810d8560e56a55cf87d9980fc2b9e29b2d347377"
url = "https://github.com/gruntwork-io/terragrunt/releases/download/v1.1.6/terragrunt_linux_arm64.tar.gz"
url_api = "https://api.github.com/repos/gruntwork-io/terragrunt/releases/assets/579002232"

[tools.terragrunt."platforms.linux-x64"]
checksum = "sha256:5dca0e3518445199ecfd8c356532e3f134bf3082b092cd2fd61f143ab9ea7a06"
url = "https://github.com/gruntwork-io/terragrunt/releases/download/v1.1.6/terragrunt_linux_amd64.tar.gz"
url_api = "https://api.github.com/repos/gruntwork-io/terragrunt/releases/assets/579002043"

[tools.terragrunt."platforms.linux-x64-musl"]
checksum = "sha256:5dca0e3518445199ecfd8c356532e3f134bf3082b092cd2fd61f143ab9ea7a06"
url = "https://github.com/gruntwork-io/terragrunt/releases/download/v1.1.6/terragrunt_linux_amd64.tar.gz"
url_api = "https://api.github.com/repos/gruntwork-io/terragrunt/releases/assets/579002043"

[tools.terragrunt."platforms.macos-arm64"]
checksum = "sha256:c801b7c085a893ccbc5b9844522415e7bf1486d0a11341db793e76e61dc4c5f5"
url = "https://github.com/gruntwork-io/terragrunt/releases/download/v1.1.6/terragrunt_darwin_arm64.tar.gz"
url_api = "https://api.github.com/repos/gruntwork-io/terragrunt/releases/assets/579001652"

[tools.terragrunt."platforms.macos-x64"]
checksum = "sha256:bcf9f95a8ff2af20998a7baca477a5ea2b2869c86ca4d4d787c619612b00d257"
url = "https://github.com/gruntwork-io/terragrunt/releases/download/v1.1.6/terragrunt_darwin_amd64.tar.gz"
url_api = "https://api.github.com/repos/gruntwork-io/terragrunt/releases/assets/579001440"

[tools.terragrunt."platforms.windows-x64"]
checksum = "sha256:0f71dae898d43e50a5935c4e74062c53253c0c8e4aded0ccb302a7ae6fdceaa3"
url = "https://github.com/gruntwork-io/terragrunt/releases/download/v1.1.6/terragrunt_windows_amd64.exe.tar.gz"
url_api = "https://api.github.com/repos/gruntwork-io/terragrunt/releases/assets/579002572"
