# @generated - this file is auto-generated by `mise lock` https://mise.jdx.dev/dev-tools/mise-lock.html

lockfile_version = 2

[[tools.opentofu]]
version = "1.12.7"
backend = "aqua:opentofu/opentofu"
specifiers = ["1.12.7"]

[tools.opentofu."platforms.linux-x64"]
checksum = "sha256:8b0967cc14715bfb03d5e04dd0da0a47c668dcb33cb3a84996413a48b1aa51c0"
url = "https://github.com/opentofu/opentofu/releases/download/v1.12.7/tofu_1.12.7_linux_amd64.tar.gz"
url_api = "https://api.github.com/repos/opentofu/opentofu/releases/assets/603882964"

[tools.opentofu."platforms.macos-arm64"]
checksum = "sha256:02d84784a9b0d6ce43f55e6c7e069a07909c392b067261d5a6aed924e96e5c76"
url = "https://github.com/opentofu/opentofu/releases/download/v1.12.7/tofu_1.12.7_darwin_arm64.tar.gz"
url_api = "https://api.github.com/repos/opentofu/opentofu/releases/assets/603883066"

[[tools.talosctl]]
version = "1.14.2"
backend = "aqua:siderolabs/talos"
specifiers = ["1.14.2"]

[tools.talosctl."platforms.linux-x64"]
checksum = "sha256:c6c9552b0e5f767352c595fa1c0af4f186f697488646872955057d23990a66c4"
url = "https://github.com/siderolabs/talos/releases/download/v1.14.2/talosctl-linux-amd64"
url_api = "https://api.github.com/repos/siderolabs/talos/releases/assets/599059721"
provenance = "cosign"

[tools.talosctl."platforms.macos-arm64"]
checksum = "sha256:4b509e96912278f2af58dc0005be5252124bcba4b87a7f877674160bbf000b6f"
url = "https://github.com/siderolabs/talos/releases/download/v1.14.2/talosctl-darwin-arm64"
url_api = "https://api.github.com/repos/siderolabs/talos/releases/assets/599059741"
provenance = "cosign"

[[tools.terragrunt]]
version = "1.1.6"
backend = "aqua:gruntwork-io/terragrunt"
specifiers = ["1.1.6"]

[tools.terragrunt."platforms.linux-x64"]
checksum = "sha256:5dca0e3518445199ecfd8c356532e3f134bf3082b092cd2fd61f143ab9ea7a06"
url = "https://github.com/gruntwork-io/terragrunt/releases/download/v1.1.6/terragrunt_linux_amd64.tar.gz"
url_api = "https://api.github.com/repos/gruntwork-io/terragrunt/releases/assets/579002043"

[tools.terragrunt."platforms.macos-arm64"]
checksum = "sha256:c801b7c085a893ccbc5b9844522415e7bf1486d0a11341db793e76e61dc4c5f5"
url = "https://github.com/gruntwork-io/terragrunt/releases/download/v1.1.6/terragrunt_darwin_arm64.tar.gz"
url_api = "https://api.github.com/repos/gruntwork-io/terragrunt/releases/assets/579001652"
