# @generated - this file is auto-generated by `mise lock` https://mise.jdx.dev/dev-tools/mise-lock.html

lockfile_version = 2

[[tools.kubeconform]]
version = "0.8.0"
backend = "aqua:yannh/kubeconform"
specifiers = ["0.8.0"]

[tools.kubeconform."platforms.linux-x64"]
checksum = "sha256:9bc2bffbf71f261128533edaf912153948b7ff238f9a531ae6d34466ec287883"
url = "https://github.com/yannh/kubeconform/releases/download/v0.8.0/kubeconform-linux-amd64.tar.gz"
url_api = "https://api.github.com/repos/yannh/kubeconform/releases/assets/438612666"

[tools.kubeconform."platforms.macos-arm64"]
checksum = "sha256:f84f4dfbebf4a6b0b230385fa065a39ea35e02608c2b50d025dcf64775a69d67"
url = "https://github.com/yannh/kubeconform/releases/download/v0.8.0/kubeconform-darwin-arm64.tar.gz"
url_api = "https://api.github.com/repos/yannh/kubeconform/releases/assets/438612680"

[[tools.kustomize]]
version = "5.8.3"
backend = "aqua:kubernetes-sigs/kustomize"
specifiers = ["5.8.3"]

[tools.kustomize."platforms.linux-x64"]
checksum = "sha256:cb9e31198d3f63b44848bd0afc4c8efc56e6cfef9c93a4a39a211940e6decd61"
url = "https://github.com/kubernetes-sigs/kustomize/releases/download/kustomize/v5.8.3/kustomize_v5.8.3_linux_amd64.tar.gz"
url_api = "https://api.github.com/repos/kubernetes-sigs/kustomize/releases/assets/621661332"

[tools.kustomize."platforms.macos-arm64"]
checksum = "sha256:4cbb08e209d8fff47cd60bfb6407daaf5ee699f9b9295849a1065024fac2d1ef"
url = "https://github.com/kubernetes-sigs/kustomize/releases/download/kustomize/v5.8.3/kustomize_v5.8.3_darwin_arm64.tar.gz"
url_api = "https://api.github.com/repos/kubernetes-sigs/kustomize/releases/assets/621661327"
